
Microsoft Visual Studio Solution File, Format Version 12.00
# Visual Studio Version 16
VisualStudioVersion = 16.0.31402.337
MinimumVisualStudioVersion = 10.0.40219.1
Project("{FAE04EC0-301F-11D3-BF4B-00C04F79EFBC}") = "LabControls", "LabControls\LabControls.csproj", "{5EA11AE0-DF11-4201-91BC-0C4DC9FB933F}"
EndProject
Project("{FAE04EC0-301F-11D3-BF4B-00C04F79EFBC}") = "TestControlsApplication", "TestControlsApplication\TestControlsApplication.csproj", "{7730F3A1-D233-474D-9189-8575CBD172D2}"
EndProject
Global
	GlobalSection(SolutionConfigurationPlatforms) = preSolution
		Debug|Any CPU = Debug|Any CPU
		Release|Any CPU = Release|Any CPU
	EndGlobalSection
	GlobalSection(ProjectConfigurationPlatforms) = postSolution
		{5EA11AE0-DF11-4201-91BC-0C4DC9FB933F}.Debug|Any CPU.ActiveCfg = Debug|Any CPU
		{5EA11AE0-DF11-4201-91BC-0C4DC9FB933F}.Debug|Any CPU.Build.0 = Debug|Any CPU
		{5EA11AE0-DF11-4201-91BC-0C4DC9FB933F}.Release|Any CPU.ActiveCfg = Release|Any CPU
		{5EA11AE0-DF11-4201-91BC-0C4DC9FB933F}.Release|Any CPU.Build.0 = Release|Any CPU
		{7730F3A1-D233-474D-9189-8575CBD172D2}.Debug|Any CPU.ActiveCfg = Debug|Any CPU
		{7730F3A1-D233-474D-9189-8575CBD172D2}.Debug|Any CPU.Build.0 = Debug|Any CPU
		{7730F3A1-D233-474D-9189-8575CBD172D2}.Release|Any CPU.ActiveCfg = Release|Any CPU
		{7730F3A1-D233-474D-9189-8575CBD172D2}.Release|Any CPU.Build.0 = Release|Any CPU
	EndGlobalSection
	GlobalSection(SolutionProperties) = preSolution
		HideSolutionNode = FALSE
	EndGlobalSection
	GlobalSection(ExtensibilityGlobals) = postSolution
		SolutionGuid = {89E8116A-E0CA-46DF-9FFA-F9D78EF8E410}
	EndGlobalSection
EndGlobal
