
Microsoft Visual Studio Solution File, Format Version 12.00
# Visual Studio Version 16
VisualStudioVersion = 16.0.31402.337
MinimumVisualStudioVersion = 10.0.40219.1
Project("{FAE04EC0-301F-11D3-BF4B-00C04F79EFBC}") = "TodoApi", "TodoApi\TodoApi.csproj", "{625E1EB2-DD82-4C40-87E7-A31808CD00B4}"
EndProject
Global
	GlobalSection(SolutionConfigurationPlatforms) = preSolution
		Debug|Any CPU = Debug|Any CPU
		Release|Any CPU = Release|Any CPU
	EndGlobalSection
	GlobalSection(ProjectConfigurationPlatforms) = postSolution
		{625E1EB2-DD82-4C40-87E7-A31808CD00B4}.Debug|Any CPU.ActiveCfg = Debug|Any CPU
		{625E1EB2-DD82-4C40-87E7-A31808CD00B4}.Debug|Any CPU.Build.0 = Debug|Any CPU
		{625E1EB2-DD82-4C40-87E7-A31808CD00B4}.Release|Any CPU.ActiveCfg = Release|Any CPU
		{625E1EB2-DD82-4C40-87E7-A31808CD00B4}.Release|Any CPU.Build.0 = Release|Any CPU
	EndGlobalSection
	GlobalSection(SolutionProperties) = preSolution
		HideSolutionNode = FALSE
	EndGlobalSection
	GlobalSection(ExtensibilityGlobals) = postSolution
		SolutionGuid = {8192DF37-452E-4356-AF01-2F67321461A6}
	EndGlobalSection
EndGlobal
